// !$*UTF8*$!
{
	archiveVersion = 1;
	classes = {
	};
	objectVersion = 46;
	objects = {

/* Begin PBXBuildFile section */
		42282E0414ED3DD1000790B4 /* UIKit.framework in Frameworks */ = {isa = PBXBuildFile; fileRef = 42282E0314ED3DD1000790B4 /* UIKit.framework */; };
		42282E0614ED3DD1000790B4 /* Foundation.framework in Frameworks */ = {isa = PBXBuildFile; fileRef = 42282E0514ED3DD1000790B4 /* Foundation.framework */; };
		42282E0814ED3DD1000790B4 /* CoreGraphics.framework in Frameworks */ = {isa = PBXBuildFile; fileRef = 42282E0714ED3DD1000790B4 /* CoreGraphics.framework */; };
		42282E0E14ED3DD1000790B4 /* InfoPlist.strings in Resources */ = {isa = PBXBuildFile; fileRef = 42282E0C14ED3DD1000790B4 /* InfoPlist.strings */; };
		42282E1014ED3DD1000790B4 /* main.m in Sources */ = {isa = PBXBuildFile; fileRef = 42282E0F14ED3DD1000790B4 /* main.m */; };
		42282E1414ED3DD1000790B4 /* AppDelegate.m in Sources */ = {isa = PBXBuildFile; fileRef = 42282E1314ED3DD1000790B4 /* AppDelegate.m */; };
		42D73C9B14EEADE900893A5B /* StartPg.m in Sources */ = {isa = PBXBuildFile; fileRef = 42D73C9914EEADE800893A5B /* StartPg.m */; };
		42D73C9C14EEADE900893A5B /* StartPg.xib in Resources */ = {isa = PBXBuildFile; fileRef = 42D73C9A14EEADE900893A5B /* StartPg.xib */; };
		42D73CA014EEB6E500893A5B /* StatusDialog.m in Sources */ = {isa = PBXBuildFile; fileRef = 42D73C9E14EEB6E500893A5B /* StatusDialog.m */; };
		42D73CA114EEB6E500893A5B /* StatusDialog.xib in Resources */ = {isa = PBXBuildFile; fileRef = 42D73C9F14EEB6E500893A5B /* StatusDialog.xib */; };
		42DA8DA014EDBD2500F172B6 /* Settings.m in Sources */ = {isa = PBXBuildFile; fileRef = 42DA8D9F14EDBD2500F172B6 /* Settings.m */; };
		42DEDC9B14EEEC7A003025FA /* LogReader.m in Sources */ = {isa = PBXBuildFile; fileRef = 42DEDC9A14EEEC7A003025FA /* LogReader.m */; };
		42DEDC9E14EEED6F003025FA /* LogWatcher.m in Sources */ = {isa = PBXBuildFile; fileRef = 42DEDC9D14EEED6F003025FA /* LogWatcher.m */; };
/* End PBXBuildFile section */

/* Begin PBXContainerItemProxy section */
		42C686E414EED9ED002CBB57 /* PBXContainerItemProxy */ = {
			isa = PBXContainerItemProxy;
			containerPortal = 42C686E014EED9ED002CBB57 /* iodine_pr.xcodeproj */;
			proxyType = 2;
			remoteGlobalIDString = 42C6868614EED935002CBB57;
			remoteInfo = iodine_pr;
		};
/* End PBXContainerItemProxy section */

/* Begin PBXFileReference section */
		42282DFF14ED3DD1000790B4 /* dpump.app */ = {isa = PBXFileReference; explicitFileType = wrapper.application; includeInIndex = 0; path = dpump.app; sourceTree = BUILT_PRODUCTS_DIR; };
		42282E0314ED3DD1000790B4 /* UIKit.framework */ = {isa = PBXFileReference; lastKnownFileType = wrapper.framework; name = UIKit.framework; path = System/Library/Frameworks/UIKit.framework; sourceTree = SDKROOT; };
		42282E0514ED3DD1000790B4 /* Foundation.framework */ = {isa = PBXFileReference; lastKnownFileType = wrapper.framework; name = Foundation.framework; path = System/Library/Frameworks/Foundation.framework; sourceTree = SDKROOT; };
		42282E0714ED3DD1000790B4 /* CoreGraphics.framework */ = {isa = PBXFileReference; lastKnownFileType = wrapper.framework; name = CoreGraphics.framework; path = System/Library/Frameworks/CoreGraphics.framework; sourceTree = SDKROOT; };
		42282E0B14ED3DD1000790B4 /* dpump-Info.plist */ = {isa = PBXFileReference; lastKnownFileType = text.plist.xml; path = "dpump-Info.plist"; sourceTree = "<group>"; };
		42282E0D14ED3DD1000790B4 /* en */ = {isa = PBXFileReference; lastKnownFileType = text.plist.strings; name = en; path = en.lproj/InfoPlist.strings; sourceTree = "<group>"; };
		42282E0F14ED3DD1000790B4 /* main.m */ = {isa = PBXFileReference; lastKnownFileType = sourcecode.c.objc; path = main.m; sourceTree = "<group>"; };
		42282E1114ED3DD1000790B4 /* dpump-Prefix.pch */ = {isa = PBXFileReference; lastKnownFileType = sourcecode.c.h; path = "dpump-Prefix.pch"; sourceTree = "<group>"; };
		42282E1214ED3DD1000790B4 /* AppDelegate.h */ = {isa = PBXFileReference; lastKnownFileType = sourcecode.c.h; path = AppDelegate.h; sourceTree = "<group>"; };
		42282E1314ED3DD1000790B4 /* AppDelegate.m */ = {isa = PBXFileReference; lastKnownFileType = sourcecode.c.objc; path = AppDelegate.m; sourceTree = "<group>"; };
		42C686E014EED9ED002CBB57 /* iodine_pr.xcodeproj */ = {isa = PBXFileReference; lastKnownFileType = "wrapper.pb-project"; name = iodine_pr.xcodeproj; path = ../iodine_pr/iodine_pr.xcodeproj; sourceTree = "<group>"; };
		42D73C9814EEADE800893A5B /* StartPg.h */ = {isa = PBXFileReference; fileEncoding = 4; lastKnownFileType = sourcecode.c.h; path = StartPg.h; sourceTree = "<group>"; };
		42D73C9914EEADE800893A5B /* StartPg.m */ = {isa = PBXFileReference; fileEncoding = 4; lastKnownFileType = sourcecode.c.objc; path = StartPg.m; sourceTree = "<group>"; };
		42D73C9A14EEADE900893A5B /* StartPg.xib */ = {isa = PBXFileReference; fileEncoding = 4; lastKnownFileType = file.xib; path = StartPg.xib; sourceTree = "<group>"; };
		42D73C9D14EEB6E500893A5B /* StatusDialog.h */ = {isa = PBXFileReference; fileEncoding = 4; lastKnownFileType = sourcecode.c.h; path = StatusDialog.h; sourceTree = "<group>"; };
		42D73C9E14EEB6E500893A5B /* StatusDialog.m */ = {isa = PBXFileReference; fileEncoding = 4; lastKnownFileType = sourcecode.c.objc; path = StatusDialog.m; sourceTree = "<group>"; };
		42D73C9F14EEB6E500893A5B /* StatusDialog.xib */ = {isa = PBXFileReference; fileEncoding = 4; lastKnownFileType = file.xib; path = StatusDialog.xib; sourceTree = "<group>"; };
		42DA8D9E14EDBD2500F172B6 /* Settings.h */ = {isa = PBXFileReference; fileEncoding = 4; lastKnownFileType = sourcecode.c.h; path = Settings.h; sourceTree = "<group>"; };
		42DA8D9F14EDBD2500F172B6 /* Settings.m */ = {isa = PBXFileReference; fileEncoding = 4; lastKnownFileType = sourcecode.c.objc; path = Settings.m; sourceTree = "<group>"; };
		42DEDC9914EEEC7A003025FA /* LogReader.h */ = {isa = PBXFileReference; fileEncoding = 4; lastKnownFileType = sourcecode.c.h; path = LogReader.h; sourceTree = "<group>"; };
		42DEDC9A14EEEC7A003025FA /* LogReader.m */ = {isa = PBXFileReference; fileEncoding = 4; lastKnownFileType = sourcecode.c.objc; path = LogReader.m; sourceTree = "<group>"; };
		42DEDC9C14EEED6F003025FA /* LogWatcher.h */ = {isa = PBXFileReference; fileEncoding = 4; lastKnownFileType = sourcecode.c.h; path = LogWatcher.h; sourceTree = "<group>"; };
		42DEDC9D14EEED6F003025FA /* LogWatcher.m */ = {isa = PBXFileReference; fileEncoding = 4; lastKnownFileType = sourcecode.c.objc; path = LogWatcher.m; sourceTree = "<group>"; };
/* End PBXFileReference section */

/* Begin PBXFrameworksBuildPhase section */
		42282DFC14ED3DD1000790B4 /* Frameworks */ = {
			isa = PBXFrameworksBuildPhase;
			buildActionMask = 2147483647;
			files = (
				42282E0414ED3DD1000790B4 /* UIKit.framework in Frameworks */,
				42282E0614ED3DD1000790B4 /* Foundation.framework in Frameworks */,
				42282E0814ED3DD1000790B4 /* CoreGraphics.framework in Frameworks */,
			);
			runOnlyForDeploymentPostprocessing = 0;
		};
/* End PBXFrameworksBuildPhase section */

/* Begin PBXGroup section */
		42282DF414ED3DD1000790B4 = {
			isa = PBXGroup;
			children = (
				42DEDC9914EEEC7A003025FA /* LogReader.h */,
				42DEDC9A14EEEC7A003025FA /* LogReader.m */,
				42C686E014EED9ED002CBB57 /* iodine_pr.xcodeproj */,
				42282E0914ED3DD1000790B4 /* dpump */,
				42282E0214ED3DD1000790B4 /* Frameworks */,
				42282E0014ED3DD1000790B4 /* Products */,
			);
			sourceTree = "<group>";
		};
		42282E0014ED3DD1000790B4 /* Products */ = {
			isa = PBXGroup;
			children = (
				42282DFF14ED3DD1000790B4 /* dpump.app */,
			);
			name = Products;
			sourceTree = "<group>";
		};
		42282E0214ED3DD1000790B4 /* Frameworks */ = {
			isa = PBXGroup;
			children = (
				42282E0314ED3DD1000790B4 /* UIKit.framework */,
				42282E0514ED3DD1000790B4 /* Foundation.framework */,
				42282E0714ED3DD1000790B4 /* CoreGraphics.framework */,
			);
			name = Frameworks;
			sourceTree = "<group>";
		};
		42282E0914ED3DD1000790B4 /* dpump */ = {
			isa = PBXGroup;
			children = (
				42282E1214ED3DD1000790B4 /* AppDelegate.h */,
				42282E1314ED3DD1000790B4 /* AppDelegate.m */,
				42DA8D9E14EDBD2500F172B6 /* Settings.h */,
				42DA8D9F14EDBD2500F172B6 /* Settings.m */,
				42D73C9814EEADE800893A5B /* StartPg.h */,
				42D73C9914EEADE800893A5B /* StartPg.m */,
				42D73C9A14EEADE900893A5B /* StartPg.xib */,
				42D73C9D14EEB6E500893A5B /* StatusDialog.h */,
				42D73C9E14EEB6E500893A5B /* StatusDialog.m */,
				42DEDC9C14EEED6F003025FA /* LogWatcher.h */,
				42DEDC9D14EEED6F003025FA /* LogWatcher.m */,
				42D73C9F14EEB6E500893A5B /* StatusDialog.xib */,
				42282E0A14ED3DD1000790B4 /* Supporting Files */,
			);
			path = dpump;
			sourceTree = "<group>";
		};
		42282E0A14ED3DD1000790B4 /* Supporting Files */ = {
			isa = PBXGroup;
			children = (
				42282E0B14ED3DD1000790B4 /* dpump-Info.plist */,
				42282E0C14ED3DD1000790B4 /* InfoPlist.strings */,
				42282E0F14ED3DD1000790B4 /* main.m */,
				42282E1114ED3DD1000790B4 /* dpump-Prefix.pch */,
			);
			name = "Supporting Files";
			sourceTree = "<group>";
		};
		42C686E114EED9ED002CBB57 /* Products */ = {
			isa = PBXGroup;
			children = (
				42C686E514EED9ED002CBB57 /* libiodine_pr.a */,
			);
			name = Products;
			sourceTree = "<group>";
		};
/* End PBXGroup section */

/* Begin PBXNativeTarget section */
		42282DFE14ED3DD1000790B4 /* dpump */ = {
			isa = PBXNativeTarget;
			buildConfigurationList = 42282E1714ED3DD1000790B4 /* Build configuration list for PBXNativeTarget "dpump" */;
			buildPhases = (
				42282DFB14ED3DD1000790B4 /* Sources */,
				42282DFC14ED3DD1000790B4 /* Frameworks */,
				42282DFD14ED3DD1000790B4 /* Resources */,
			);
			buildRules = (
			);
			dependencies = (
			);
			name = dpump;
			productName = dpump;
			productReference = 42282DFF14ED3DD1000790B4 /* dpump.app */;
			productType = "com.apple.product-type.application";
		};
/* End PBXNativeTarget section */

/* Begin PBXProject section */
		42282DF614ED3DD1000790B4 /* Project object */ = {
			isa = PBXProject;
			attributes = {
				LastUpgradeCheck = 0420;
			};
			buildConfigurationList = 42282DF914ED3DD1000790B4 /* Build configuration list for PBXProject "dpump" */;
			compatibilityVersion = "Xcode 3.2";
			developmentRegion = English;
			hasScannedForEncodings = 0;
			knownRegions = (
				en,
			);
			mainGroup = 42282DF414ED3DD1000790B4;
			productRefGroup = 42282E0014ED3DD1000790B4 /* Products */;
			projectDirPath = "";
			projectReferences = (
				{
					ProductGroup = 42C686E114EED9ED002CBB57 /* Products */;
					ProjectRef = 42C686E014EED9ED002CBB57 /* iodine_pr.xcodeproj */;
				},
			);
			projectRoot = "";
			targets = (
				42282DFE14ED3DD1000790B4 /* dpump */,
			);
		};
/* End PBXProject section */

/* Begin PBXReferenceProxy section */
		42C686E514EED9ED002CBB57 /* libiodine_pr.a */ = {
			isa = PBXReferenceProxy;
			fileType = archive.ar;
			path = libiodine_pr.a;
			remoteRef = 42C686E414EED9ED002CBB57 /* PBXContainerItemProxy */;
			sourceTree = BUILT_PRODUCTS_DIR;
		};
/* End PBXReferenceProxy section */

/* Begin PBXResourcesBuildPhase section */
		42282DFD14ED3DD1000790B4 /* Resources */ = {
			isa = PBXResourcesBuildPhase;
			buildActionMask = 2147483647;
			files = (
				42282E0E14ED3DD1000790B4 /* InfoPlist.strings in Resources */,
				42D73C9C14EEADE900893A5B /* StartPg.xib in Resources */,
				42D73CA114EEB6E500893A5B /* StatusDialog.xib in Resources */,
			);
			runOnlyForDeploymentPostprocessing = 0;
		};
/* End PBXResourcesBuildPhase section */

/* Begin PBXSourcesBuildPhase section */
		42282DFB14ED3DD1000790B4 /* Sources */ = {
			isa = PBXSourcesBuildPhase;
			buildActionMask = 2147483647;
			files = (
				42282E1014ED3DD1000790B4 /* main.m in Sources */,
				42282E1414ED3DD1000790B4 /* AppDelegate.m in Sources */,
				42DA8DA014EDBD2500F172B6 /* Settings.m in Sources */,
				42D73C9B14EEADE900893A5B /* StartPg.m in Sources */,
				42D73CA014EEB6E500893A5B /* StatusDialog.m in Sources */,
				42DEDC9B14EEEC7A003025FA /* LogReader.m in Sources */,
				42DEDC9E14EEED6F003025FA /* LogWatcher.m in Sources */,
			);
			runOnlyForDeploymentPostprocessing = 0;
		};
/* End PBXSourcesBuildPhase section */

/* Begin PBXVariantGroup section */
		42282E0C14ED3DD1000790B4 /* InfoPlist.strings */ = {
			isa = PBXVariantGroup;
			children = (
				42282E0D14ED3DD1000790B4 /* en */,
			);
			name = InfoPlist.strings;
			sourceTree = "<group>";
		};
/* End PBXVariantGroup section */

/* Begin XCBuildConfiguration section */
		42282E1514ED3DD1000790B4 /* Debug */ = {
			isa = XCBuildConfiguration;
			buildSettings = {
				ALWAYS_SEARCH_USER_PATHS = NO;
				ARCHS = "$(ARCHS_STANDARD_32_BIT)";
				CLANG_ENABLE_OBJC_ARC = YES;
				CODE_SIGN_IDENTITY = "iPhone Developer";
				"CODE_SIGN_IDENTITY[sdk=iphoneos*]" = "iPhone Developer";
				COPY_PHASE_STRIP = NO;
				GCC_C_LANGUAGE_STANDARD = gnu99;
				GCC_DYNAMIC_NO_PIC = NO;
				GCC_OPTIMIZATION_LEVEL = 0;
				GCC_PREPROCESSOR_DEFINITIONS = (
					"DEBUG=1",
					"$(inherited)",
				);
				GCC_SYMBOLS_PRIVATE_EXTERN = NO;
				GCC_VERSION = com.apple.compilers.llvm.clang.1_0;
				GCC_WARN_ABOUT_MISSING_PROTOTYPES = YES;
				GCC_WARN_ABOUT_RETURN_TYPE = YES;
				GCC_WARN_UNUSED_VARIABLE = YES;
				IPHONEOS_DEPLOYMENT_TARGET = 5.0;
				PROVISIONING_PROFILE = "";
				"PROVISIONING_PROFILE[sdk=iphoneos*]" = "";
				SDKROOT = iphoneos;
				SUPPORTED_PLATFORMS = iphonesimulator;
			};
			name = Debug;
		};
		42282E1614ED3DD1000790B4 /* Release */ = {
			isa = XCBuildConfiguration;
			buildSettings = {
				ALWAYS_SEARCH_USER_PATHS = NO;
				ARCHS = "$(ARCHS_STANDARD_32_BIT)";
				CLANG_ENABLE_OBJC_ARC = YES;
				CODE_SIGN_IDENTITY = "iPhone Developer";
				"CODE_SIGN_IDENTITY[sdk=iphoneos*]" = "iPhone Developer";
				COPY_PHASE_STRIP = YES;
				GCC_C_LANGUAGE_STANDARD = gnu99;
				GCC_VERSION = com.apple.compilers.llvm.clang.1_0;
				GCC_WARN_ABOUT_MISSING_PROTOTYPES = YES;
				GCC_WARN_ABOUT_RETURN_TYPE = YES;
				GCC_WARN_UNUSED_VARIABLE = YES;
				IPHONEOS_DEPLOYMENT_TARGET = 5.0;
				OTHER_CFLAGS = "-DNS_BLOCK_ASSERTIONS=1";
				PROVISIONING_PROFILE = "";
				"PROVISIONING_PROFILE[sdk=iphoneos*]" = "";
				SDKROOT = iphoneos;
				SUPPORTED_PLATFORMS = iphonesimulator;
				VALIDATE_PRODUCT = YES;
			};
			name = Release;
		};
		42282E1814ED3DD1000790B4 /* Debug */ = {
			isa = XCBuildConfiguration;
			buildSettings = {
				GCC_PRECOMPILE_PREFIX_HEADER = YES;
				GCC_PREFIX_HEADER = "dpump/dpump-Prefix.pch";
				HEADER_SEARCH_PATHS = "/Users/motiejus/code/iodine/**";
				INFOPLIST_FILE = "dpump/dpump-Info.plist";
				PRODUCT_NAME = "$(TARGET_NAME)";
				USER_HEADER_SEARCH_PATHS = "/Users/motiejus/code/iodine/**";
				WRAPPER_EXTENSION = app;
			};
			name = Debug;
		};
		42282E1914ED3DD1000790B4 /* Release */ = {
			isa = XCBuildConfiguration;
			buildSettings = {
				GCC_PRECOMPILE_PREFIX_HEADER = YES;
				GCC_PREFIX_HEADER = "dpump/dpump-Prefix.pch";
				HEADER_SEARCH_PATHS = "/Users/motiejus/code/iodine/**";
				INFOPLIST_FILE = "dpump/dpump-Info.plist";
				PRODUCT_NAME = "$(TARGET_NAME)";
				USER_HEADER_SEARCH_PATHS = "/Users/motiejus/code/iodine/**";
				WRAPPER_EXTENSION = app;
			};
			name = Release;
		};
/* End XCBuildConfiguration section */

/* Begin XCConfigurationList section */
		42282DF914ED3DD1000790B4 /* Build configuration list for PBXProject "dpump" */ = {
			isa = XCConfigurationList;
			buildConfigurations = (
				42282E1514ED3DD1000790B4 /* Debug */,
				42282E1614ED3DD1000790B4 /* Release */,
			);
			defaultConfigurationIsVisible = 0;
			defaultConfigurationName = Release;
		};
		42282E1714ED3DD1000790B4 /* Build configuration list for PBXNativeTarget "dpump" */ = {
			isa = XCConfigurationList;
			buildConfigurations = (
				42282E1814ED3DD1000790B4 /* Debug */,
				42282E1914ED3DD1000790B4 /* Release */,
			);
			defaultConfigurationIsVisible = 0;
			defaultConfigurationName = Release;
		};
/* End XCConfigurationList section */
	};
	rootObject = 42282DF614ED3DD1000790B4 /* Project object */;
}
